
Microsoft Visual Studio Solution File, Format Version 12.00
# Visual Studio Version 17
VisualStudioVersion = 17.7.34009.444
MinimumVisualStudioVersion = 10.0.40219.1
Project("{8BC9CEB8-8B4A-11D0-8D11-00A0C91BC942}") = "Application", "Application\Application.vcxproj", "{94F30A23-2B53-423D-A047-2230B0DA964C}"
	ProjectSection(ProjectDependencies) = postProject
		{0FFE8782-2BD4-4D4E-8E64-65273BA69EB7} = {0FFE8782-2BD4-4D4E-8E64-65273BA69EB7}
		{D622E2C9-85AE-4E6E-BF97-0314FF6C96A6} = {D622E2C9-85AE-4E6E-BF97-0314FF6C96A6}
	EndProjectSection
EndProject
Project("{8BC9CEB8-8B4A-11D0-8D11-00A0C91BC942}") = "EngineBase", "EngineBase\EngineBase.vcxproj", "{0FFE8782-2BD4-4D4E-8E64-65273BA69EB7}"
EndProject
Project("{8BC9CEB8-8B4A-11D0-8D11-00A0C91BC942}") = "EngineShader", "EngineShader\EngineShader.vcxproj", "{126C6844-709C-4337-B0DD-1B2C5FA0BDB4}"
EndProject
Project("{2150E333-8FDC-42A3-9474-1A3956D46DE8}") = "Level0", "Level0", "{548E3446-172B-4A9C-ACF0-E8BA392C72BE}"
EndProject
Project("{2150E333-8FDC-42A3-9474-1A3956D46DE8}") = "Level1", "Level1", "{DB8E8C3D-BF02-48E0-A911-BC0D06E08F7F}"
EndProject
Project("{2150E333-8FDC-42A3-9474-1A3956D46DE8}") = "Level2", "Level2", "{FF8A9EDB-ED84-46A9-B736-2658E39B6CEB}"
EndProject
Project("{8BC9CEB8-8B4A-11D0-8D11-00A0C91BC942}") = "EnginePlatform", "EnginePlatform\EnginePlatform.vcxproj", "{D622E2C9-85AE-4E6E-BF97-0314FF6C96A6}"
	ProjectSection(ProjectDependencies) = postProject
		{0FFE8782-2BD4-4D4E-8E64-65273BA69EB7} = {0FFE8782-2BD4-4D4E-8E64-65273BA69EB7}
	EndProjectSection
EndProject
Global
	GlobalSection(SolutionConfigurationPlatforms) = preSolution
		Debug|x64 = Debug|x64
		Debug|x86 = Debug|x86
		Release|x64 = Release|x64
		Release|x86 = Release|x86
	EndGlobalSection
	GlobalSection(ProjectConfigurationPlatforms) = postSolution
		{94F30A23-2B53-423D-A047-2230B0DA964C}.Debug|x64.ActiveCfg = Debug|x64
		{94F30A23-2B53-423D-A047-2230B0DA964C}.Debug|x64.Build.0 = Debug|x64
		{94F30A23-2B53-423D-A047-2230B0DA964C}.Debug|x86.ActiveCfg = Debug|Win32
		{94F30A23-2B53-423D-A047-2230B0DA964C}.Debug|x86.Build.0 = Debug|Win32
		{94F30A23-2B53-423D-A047-2230B0DA964C}.Release|x64.ActiveCfg = Release|x64
		{94F30A23-2B53-423D-A047-2230B0DA964C}.Release|x64.Build.0 = Release|x64
		{94F30A23-2B53-423D-A047-2230B0DA964C}.Release|x86.ActiveCfg = Release|Win32
		{94F30A23-2B53-423D-A047-2230B0DA964C}.Release|x86.Build.0 = Release|Win32
		{0FFE8782-2BD4-4D4E-8E64-65273BA69EB7}.Debug|x64.ActiveCfg = Debug|x64
		{0FFE8782-2BD4-4D4E-8E64-65273BA69EB7}.Debug|x64.Build.0 = Debug|x64
		{0FFE8782-2BD4-4D4E-8E64-65273BA69EB7}.Debug|x86.ActiveCfg = Debug|Win32
		{0FFE8782-2BD4-4D4E-8E64-65273BA69EB7}.Debug|x86.Build.0 = Debug|Win32
		{0FFE8782-2BD4-4D4E-8E64-65273BA69EB7}.Release|x64.ActiveCfg = Release|x64
		{0FFE8782-2BD4-4D4E-8E64-65273BA69EB7}.Release|x64.Build.0 = Release|x64
		{0FFE8782-2BD4-4D4E-8E64-65273BA69EB7}.Release|x86.ActiveCfg = Release|Win32
		{0FFE8782-2BD4-4D4E-8E64-65273BA69EB7}.Release|x86.Build.0 = Release|Win32
		{126C6844-709C-4337-B0DD-1B2C5FA0BDB4}.Debug|x64.ActiveCfg = Debug|x64
		{126C6844-709C-4337-B0DD-1B2C5FA0BDB4}.Debug|x64.Build.0 = Debug|x64
		{126C6844-709C-4337-B0DD-1B2C5FA0BDB4}.Debug|x86.ActiveCfg = Debug|Win32
		{126C6844-709C-4337-B0DD-1B2C5FA0BDB4}.Debug|x86.Build.0 = Debug|Win32
		{126C6844-709C-4337-B0DD-1B2C5FA0BDB4}.Release|x64.ActiveCfg = Release|x64
		{126C6844-709C-4337-B0DD-1B2C5FA0BDB4}.Release|x64.Build.0 = Release|x64
		{126C6844-709C-4337-B0DD-1B2C5FA0BDB4}.Release|x86.ActiveCfg = Release|Win32
		{126C6844-709C-4337-B0DD-1B2C5FA0BDB4}.Release|x86.Build.0 = Release|Win32
		{D622E2C9-85AE-4E6E-BF97-0314FF6C96A6}.Debug|x64.ActiveCfg = Debug|x64
		{D622E2C9-85AE-4E6E-BF97-0314FF6C96A6}.Debug|x64.Build.0 = Debug|x64
		{D622E2C9-85AE-4E6E-BF97-0314FF6C96A6}.Debug|x86.ActiveCfg = Debug|Win32
		{D622E2C9-85AE-4E6E-BF97-0314FF6C96A6}.Debug|x86.Build.0 = Debug|Win32
		{D622E2C9-85AE-4E6E-BF97-0314FF6C96A6}.Release|x64.ActiveCfg = Release|x64
		{D622E2C9-85AE-4E6E-BF97-0314FF6C96A6}.Release|x64.Build.0 = Release|x64
		{D622E2C9-85AE-4E6E-BF97-0314FF6C96A6}.Release|x86.ActiveCfg = Release|Win32
		{D622E2C9-85AE-4E6E-BF97-0314FF6C96A6}.Release|x86.Build.0 = Release|Win32
	EndGlobalSection
	GlobalSection(SolutionProperties) = preSolution
		HideSolutionNode = FALSE
	EndGlobalSection
	GlobalSection(NestedProjects) = preSolution
		{94F30A23-2B53-423D-A047-2230B0DA964C} = {FF8A9EDB-ED84-46A9-B736-2658E39B6CEB}
		{0FFE8782-2BD4-4D4E-8E64-65273BA69EB7} = {548E3446-172B-4A9C-ACF0-E8BA392C72BE}
		{126C6844-709C-4337-B0DD-1B2C5FA0BDB4} = {DB8E8C3D-BF02-48E0-A911-BC0D06E08F7F}
		{D622E2C9-85AE-4E6E-BF97-0314FF6C96A6} = {DB8E8C3D-BF02-48E0-A911-BC0D06E08F7F}
	EndGlobalSection
	GlobalSection(ExtensibilityGlobals) = postSolution
		SolutionGuid = {F8DB0C94-989D-430C-BF33-5AE0B3D88C4F}
	EndGlobalSection
EndGlobal
