
Microsoft Visual Studio Solution File, Format Version 12.00
# Visual Studio Version 17
VisualStudioVersion = 17.11.35327.3
MinimumVisualStudioVersion = 10.0.40219.1
Project("{8BC9CEB8-8B4A-11D0-8D11-00A0C91BC942}") = "WindowsProject1", "WindowsProject1.vcxproj", "{51A56856-0805-42A1-B9C8-B34847B39008}"
EndProject
Global
	GlobalSection(SolutionConfigurationPlatforms) = preSolution
		Debug|x64 = Debug|x64
		Debug|x86 = Debug|x86
		Release|x64 = Release|x64
		Release|x86 = Release|x86
	EndGlobalSection
	GlobalSection(ProjectConfigurationPlatforms) = postSolution
		{51A56856-0805-42A1-B9C8-B34847B39008}.Debug|x64.ActiveCfg = Debug|x64
		{51A56856-0805-42A1-B9C8-B34847B39008}.Debug|x64.Build.0 = Debug|x64
		{51A56856-0805-42A1-B9C8-B34847B39008}.Debug|x86.ActiveCfg = Debug|Win32
		{51A56856-0805-42A1-B9C8-B34847B39008}.Debug|x86.Build.0 = Debug|Win32
		{51A56856-0805-42A1-B9C8-B34847B39008}.Release|x64.ActiveCfg = Release|x64
		{51A56856-0805-42A1-B9C8-B34847B39008}.Release|x64.Build.0 = Release|x64
		{51A56856-0805-42A1-B9C8-B34847B39008}.Release|x86.ActiveCfg = Release|Win32
		{51A56856-0805-42A1-B9C8-B34847B39008}.Release|x86.Build.0 = Release|Win32
	EndGlobalSection
	GlobalSection(SolutionProperties) = preSolution
		HideSolutionNode = FALSE
	EndGlobalSection
	GlobalSection(ExtensibilityGlobals) = postSolution
		SolutionGuid = {C44D9EBD-1A00-4165-AC3F-088435908DFE}
	EndGlobalSection
EndGlobal
