<?xml version="1.0" encoding="utf-8"?>
<Project ToolsVersion="4.0" xmlns="http://schemas.microsoft.com/developer/msbuild/2003">
  <ItemGroup>
    <Filter Include="D3DResource">
      <UniqueIdentifier>{a3dbc41e-0877-4d12-85ee-bb2add1de998}</UniqueIdentifier>
    </Filter>
    <Filter Include="D3DResource\0. IA">
      <UniqueIdentifier>{83d4c085-c8fb-42cb-8d0b-5cd5e1496135}</UniqueIdentifier>
    </Filter>
    <Filter Include="D3DResource\1. VS">
      <UniqueIdentifier>{dedc1d16-d2b5-4f94-a448-552d368fe87f}</UniqueIdentifier>
    </Filter>
    <Filter Include="D3DResource\2. PS">
      <UniqueIdentifier>{e9381c18-e8bd-470b-811c-15c1fc217433}</UniqueIdentifier>
    </Filter>
    <Filter Include="D3DResource\Device">
      <UniqueIdentifier>{06df2fff-5298-4259-90d1-8405c8798dc9}</UniqueIdentifier>
    </Filter>
    <Filter Include="Object">
      <UniqueIdentifier>{08acdff9-c2d4-4997-b79a-dc5cd32d201a}</UniqueIdentifier>
    </Filter>
  </ItemGroup>
  <ItemGroup>
    <ClCompile Include="EngineCore.cpp" />
    <ClCompile Include="EngineD3DResource.cpp">
      <Filter>D3DResource</Filter>
    </ClCompile>
    <ClCompile Include="EngineIndexBuffer.cpp">
      <Filter>D3DResource\0. IA</Filter>
    </ClCompile>
    <ClCompile Include="EngineInputLayout.cpp">
      <Filter>D3DResource\0. IA</Filter>
    </ClCompile>
    <ClCompile Include="EngineVertexBuffer.cpp">
      <Filter>D3DResource\0. IA</Filter>
    </ClCompile>
    <ClCompile Include="EngineVertexShader.cpp">
      <Filter>D3DResource\1. VS</Filter>
    </ClCompile>
    <ClCompile Include="EngineDevice.cpp">
      <Filter>D3DResource\Device</Filter>
    </ClCompile>
    <ClCompile Include="EnginePixelShader.cpp">
      <Filter>D3DResource\2. PS</Filter>
    </ClCompile>
    <ClCompile Include="Pre.cpp" />
    <ClCompile Include="EngineLevel.cpp">
      <Filter>Object</Filter>
    </ClCompile>
    <ClCompile Include="EngineObject.cpp">
      <Filter>Object</Filter>
    </ClCompile>
    <ClCompile Include="EngineActor.cpp">
      <Filter>Object</Filter>
    </ClCompile>
    <ClCompile Include="EngineComponent.cpp">
      <Filter>Object</Filter>
    </ClCompile>
    <ClCompile Include="EngineRenderer.cpp">
      <Filter>Object</Filter>
    </ClCompile>
    <ClCompile Include="EngineTransform.cpp">
      <Filter>Object</Filter>
    </ClCompile>
    <ClCompile Include="EngineCamera.cpp">
      <Filter>Object</Filter>
    </ClCompile>
  </ItemGroup>
  <ItemGroup>
    <ClInclude Include="EngineCore.h" />
    <ClInclude Include="EngineD3DResource.h">
      <Filter>D3DResource</Filter>
    </ClInclude>
    <ClInclude Include="EngineIndexBuffer.h">
      <Filter>D3DResource\0. IA</Filter>
    </ClInclude>
    <ClInclude Include="EngineInputLayout.h">
      <Filter>D3DResource\0. IA</Filter>
    </ClInclude>
    <ClInclude Include="EngineVertexBuffer.h">
      <Filter>D3DResource\0. IA</Filter>
    </ClInclude>
    <ClInclude Include="EngineVertexShader.h">
      <Filter>D3DResource\1. VS</Filter>
    </ClInclude>
    <ClInclude Include="EngineDevice.h">
      <Filter>D3DResource\Device</Filter>
    </ClInclude>
    <ClInclude Include="EnginePixelShader.h">
      <Filter>D3DResource\2. PS</Filter>
    </ClInclude>
    <ClInclude Include="Pre.h" />
    <ClInclude Include="EngineLevel.h">
      <Filter>Object</Filter>
    </ClInclude>
    <ClInclude Include="EngineObject.h">
      <Filter>Object</Filter>
    </ClInclude>
    <ClInclude Include="EngineActor.h">
      <Filter>Object</Filter>
    </ClInclude>
    <ClInclude Include="EngineComponent.h">
      <Filter>Object</Filter>
    </ClInclude>
    <ClInclude Include="EngineRenderer.h">
      <Filter>Object</Filter>
    </ClInclude>
    <ClInclude Include="EngineTransform.h">
      <Filter>Object</Filter>
    </ClInclude>
    <ClInclude Include="EngineCamera.h">
      <Filter>Object</Filter>
    </ClInclude>
  </ItemGroup>
</Project>