<?xml version="1.0" encoding="utf-8"?>
<Project ToolsVersion="4.0" xmlns="http://schemas.microsoft.com/developer/msbuild/2003">
  <ItemGroup>
    <ClInclude Include="EngineVertexFormat.h" />
    <ClInclude Include="Pre.h" />
    <ClInclude Include="..\..\ThirdParty\include\DirectXTex.h">
      <Filter>ThirdParty</Filter>
    </ClInclude>
    <ClInclude Include="EngineDepthStencil.h">
      <Filter>Resource</Filter>
    </ClInclude>
    <ClInclude Include="EngineIndexBuffer.h">
      <Filter>Resource</Filter>
    </ClInclude>
    <ClInclude Include="EngineInputLayout.h">
      <Filter>Resource</Filter>
    </ClInclude>
    <ClInclude Include="EnginePixelShader.h">
      <Filter>Resource</Filter>
    </ClInclude>
    <ClInclude Include="EngineRasterizer.h">
      <Filter>Resource</Filter>
    </ClInclude>
    <ClInclude Include="EngineTexture.h">
      <Filter>Resource</Filter>
    </ClInclude>
    <ClInclude Include="EngineVertexBuffer.h">
      <Filter>Resource</Filter>
    </ClInclude>
    <ClInclude Include="EngineVertexShader.h">
      <Filter>Resource</Filter>
    </ClInclude>
    <ClInclude Include="EngineDevice.h">
      <Filter>Device</Filter>
    </ClInclude>
    <ClInclude Include="IEngineD3DResource.h">
      <Filter>Interface</Filter>
    </ClInclude>
    <ClInclude Include="EngineD3DResourceManager.h">
      <Filter>Manager</Filter>
    </ClInclude>
  </ItemGroup>
  <ItemGroup>
    <ClCompile Include="Pre.cpp" />
    <ClCompile Include="EngineDepthStencil.cpp">
      <Filter>Resource</Filter>
    </ClCompile>
    <ClCompile Include="EngineIndexBuffer.cpp">
      <Filter>Resource</Filter>
    </ClCompile>
    <ClCompile Include="EngineInputLayout.cpp">
      <Filter>Resource</Filter>
    </ClCompile>
    <ClCompile Include="EnginePixelShader.cpp">
      <Filter>Resource</Filter>
    </ClCompile>
    <ClCompile Include="EngineRasterizer.cpp">
      <Filter>Resource</Filter>
    </ClCompile>
    <ClCompile Include="EngineTexture.cpp">
      <Filter>Resource</Filter>
    </ClCompile>
    <ClCompile Include="EngineVertexBuffer.cpp">
      <Filter>Resource</Filter>
    </ClCompile>
    <ClCompile Include="EngineVertexShader.cpp">
      <Filter>Resource</Filter>
    </ClCompile>
    <ClCompile Include="EngineDevice.cpp">
      <Filter>Device</Filter>
    </ClCompile>
    <ClCompile Include="EngineDevice_ResourceInit.cpp">
      <Filter>Device</Filter>
    </ClCompile>
    <ClCompile Include="IEngineD3DResource.cpp">
      <Filter>Interface</Filter>
    </ClCompile>
    <ClCompile Include="EngineD3DResourceManager.cpp">
      <Filter>Manager</Filter>
    </ClCompile>
  </ItemGroup>
  <ItemGroup>
    <Filter Include="ThirdParty">
      <UniqueIdentifier>{32a77a28-8d17-4b5d-8a18-a257baf41c03}</UniqueIdentifier>
    </Filter>
    <Filter Include="Resource">
      <UniqueIdentifier>{9c97f8de-b791-4d71-af6f-8725aad33bed}</UniqueIdentifier>
    </Filter>
    <Filter Include="Device">
      <UniqueIdentifier>{8debc921-bc9c-48fc-8d5d-8eca4a0a1c79}</UniqueIdentifier>
    </Filter>
    <Filter Include="Interface">
      <UniqueIdentifier>{0876c9e9-2b63-4b93-bc0d-f08ee7e35c03}</UniqueIdentifier>
    </Filter>
    <Filter Include="Manager">
      <UniqueIdentifier>{430cf983-e210-4d5e-8510-8788faa25da4}</UniqueIdentifier>
    </Filter>
  </ItemGroup>
  <ItemGroup>
    <Library Include="..\..\ThirdParty\Debug\DirectXTex.lib">
      <Filter>ThirdParty</Filter>
    </Library>
  </ItemGroup>
</Project>