<?xml version="1.0" encoding="utf-8"?>
<Project ToolsVersion="4.0" xmlns="http://schemas.microsoft.com/developer/msbuild/2003">
  <ItemGroup>
    <ClInclude Include="TestActor.h" />
    <ClInclude Include="TestLevel.h" />
    <ClInclude Include="GameStarter.h" />
    <ClInclude Include="Pre.h" />
    <ClInclude Include="GameAPI.h" />
  </ItemGroup>
  <ItemGroup>
    <ClCompile Include="TestLevel.cpp" />
    <ClCompile Include="GameStarter.cpp" />
    <ClCompile Include="Pre.cpp" />
    <ClCompile Include="TestActor.cpp" />
    <ClCompile Include="GameAPI.cpp" />
  </ItemGroup>
  <ItemGroup>
    <Natvis Include="..\common\BaseLib.natvis" />
  </ItemGroup>
</Project>