<?xml version="1.0" encoding="utf-8"?>
<Project ToolsVersion="4.0" xmlns="http://schemas.microsoft.com/developer/msbuild/2003">
  <ItemGroup>
    <ClInclude Include="Player.h" />
    <ClInclude Include="TestScene.h" />
    <ClInclude Include="GameInitializer.h" />
    <ClInclude Include="Pre.h" />
    <ClInclude Include="Back.h" />
    <ClInclude Include="Ground.h" />
  </ItemGroup>
  <ItemGroup>
    <ClCompile Include="TestScene.cpp" />
    <ClCompile Include="Pre.cpp" />
    <ClCompile Include="Player.cpp" />
    <ClCompile Include="Back.cpp" />
    <ClCompile Include="Ground.cpp" />
  </ItemGroup>
  <ItemGroup>
    <FxCompile Include="..\Assets\Shaders\DebugLine.fx">
      <Filter>Shader</Filter>
    </FxCompile>
    <FxCompile Include="..\Assets\Shaders\Sprite2D.fx">
      <Filter>Shader</Filter>
    </FxCompile>
  </ItemGroup>
  <ItemGroup>
    <Filter Include="Shader">
      <UniqueIdentifier>{6c9eec42-27b7-458c-b37e-bbc9de23fc1b}</UniqueIdentifier>
    </Filter>
  </ItemGroup>
</Project>