<?xml version="1.0" encoding="utf-8"?>
<Project ToolsVersion="4.0" xmlns="http://schemas.microsoft.com/developer/msbuild/2003">
  <ItemGroup>
    <Filter Include="Interface">
      <UniqueIdentifier>{8aae9921-5682-48b3-9869-dfde3e624d16}</UniqueIdentifier>
    </Filter>
    <Filter Include="Pre">
      <UniqueIdentifier>{a3b2170a-982f-465b-a318-882096432c07}</UniqueIdentifier>
    </Filter>
  </ItemGroup>
  <ItemGroup>
    <ClInclude Include="EngineInput.h" />
    <ClInclude Include="EngineWindow.h" />
    <ClInclude Include="Pre.h">
      <Filter>Pre</Filter>
    </ClInclude>
    <ClInclude Include="IEngineMedia.h">
      <Filter>Interface</Filter>
    </ClInclude>
  </ItemGroup>
  <ItemGroup>
    <ClCompile Include="EngineWindow.cpp" />
    <ClCompile Include="Pre.cpp">
      <Filter>Pre</Filter>
    </ClCompile>
    <ClCompile Include="EngineInput.cpp" />
    <ClCompile Include="IEngineMedia.cpp">
      <Filter>Interface</Filter>
    </ClCompile>
  </ItemGroup>
</Project>