
Microsoft Visual Studio Solution File, Format Version 12.00
# Visual Studio Version 17
VisualStudioVersion = 17.9.34622.214
MinimumVisualStudioVersion = 10.0.40219.1
Project("{8BC9CEB8-8B4A-11D0-8D11-00A0C91BC942}") = "BaseLib", "BaseLib.vcxproj", "{8424998A-82AD-4CA1-A977-7C1525FAB8AC}"
EndProject
Global
	GlobalSection(SolutionConfigurationPlatforms) = preSolution
		Debug|x64 = Debug|x64
		Debug|x86 = Debug|x86
		Release|x64 = Release|x64
		Release|x86 = Release|x86
	EndGlobalSection
	GlobalSection(ProjectConfigurationPlatforms) = postSolution
		{8424998A-82AD-4CA1-A977-7C1525FAB8AC}.Debug|x64.ActiveCfg = Debug|x64
		{8424998A-82AD-4CA1-A977-7C1525FAB8AC}.Debug|x64.Build.0 = Debug|x64
		{8424998A-82AD-4CA1-A977-7C1525FAB8AC}.Debug|x86.ActiveCfg = Debug|Win32
		{8424998A-82AD-4CA1-A977-7C1525FAB8AC}.Debug|x86.Build.0 = Debug|Win32
		{8424998A-82AD-4CA1-A977-7C1525FAB8AC}.Release|x64.ActiveCfg = Release|x64
		{8424998A-82AD-4CA1-A977-7C1525FAB8AC}.Release|x64.Build.0 = Release|x64
		{8424998A-82AD-4CA1-A977-7C1525FAB8AC}.Release|x86.ActiveCfg = Release|Win32
		{8424998A-82AD-4CA1-A977-7C1525FAB8AC}.Release|x86.Build.0 = Release|Win32
	EndGlobalSection
	GlobalSection(SolutionProperties) = preSolution
		HideSolutionNode = FALSE
	EndGlobalSection
	GlobalSection(ExtensibilityGlobals) = postSolution
		SolutionGuid = {0E3AE7BB-997C-4770-8772-B00299BFDCCD}
	EndGlobalSection
EndGlobal
