<?xml version="1.0" encoding="utf-8"?>
<Project ToolsVersion="4.0" xmlns="http://schemas.microsoft.com/developer/msbuild/2003">
  <ItemGroup>
    <ClInclude Include="Pre.h" />
    <ClInclude Include="EngineDebug.h" />
    <ClInclude Include="EngineDirectory.h" />
    <ClInclude Include="EngineFile.h" />
    <ClInclude Include="EngineMath.h" />
    <ClInclude Include="EngineStaticPool.h" />
    <ClInclude Include="EngineString.h" />
    <ClInclude Include="EngineTime.h" />
    <ClInclude Include="BaseAPI.h" />
    <ClInclude Include="EngineList.h" />
    <ClInclude Include="EngineHashMap.h" />
    <ClInclude Include="EngineVector.h" />
  </ItemGroup>
  <ItemGroup>
    <ClCompile Include="EngineDebug.cpp" />
    <ClCompile Include="EngineDirectory.cpp" />
    <ClCompile Include="EngineFile.cpp" />
    <ClCompile Include="EngineMath.cpp" />
    <ClCompile Include="EngineStaticPool.cpp" />
    <ClCompile Include="EngineString.cpp" />
    <ClCompile Include="EngineTime.cpp" />
    <ClCompile Include="BaseAPI.cpp" />
    <ClCompile Include="Pre.cpp" />
    <ClCompile Include="EngineList.cpp" />
    <ClCompile Include="EngineHashMap.cpp" />
    <ClCompile Include="EngineVector.cpp" />
  </ItemGroup>
</Project>