
Microsoft Visual Studio Solution File, Format Version 12.00
# Visual Studio Version 17
VisualStudioVersion = 17.9.34728.123
MinimumVisualStudioVersion = 10.0.40219.1
Project("{8BC9CEB8-8B4A-11D0-8D11-00A0C91BC942}") = "D3D11Lib", "D3D11Lib.vcxproj", "{E9AF0DD4-CF1B-4282-A20B-8D0B36DE151A}"
EndProject
Global
	GlobalSection(SolutionConfigurationPlatforms) = preSolution
		Debug|x64 = Debug|x64
		Debug|x86 = Debug|x86
		Release|x64 = Release|x64
		Release|x86 = Release|x86
	EndGlobalSection
	GlobalSection(ProjectConfigurationPlatforms) = postSolution
		{E9AF0DD4-CF1B-4282-A20B-8D0B36DE151A}.Debug|x64.ActiveCfg = Debug|x64
		{E9AF0DD4-CF1B-4282-A20B-8D0B36DE151A}.Debug|x64.Build.0 = Debug|x64
		{E9AF0DD4-CF1B-4282-A20B-8D0B36DE151A}.Debug|x86.ActiveCfg = Debug|Win32
		{E9AF0DD4-CF1B-4282-A20B-8D0B36DE151A}.Debug|x86.Build.0 = Debug|Win32
		{E9AF0DD4-CF1B-4282-A20B-8D0B36DE151A}.Release|x64.ActiveCfg = Release|x64
		{E9AF0DD4-CF1B-4282-A20B-8D0B36DE151A}.Release|x64.Build.0 = Release|x64
		{E9AF0DD4-CF1B-4282-A20B-8D0B36DE151A}.Release|x86.ActiveCfg = Release|Win32
		{E9AF0DD4-CF1B-4282-A20B-8D0B36DE151A}.Release|x86.Build.0 = Release|Win32
	EndGlobalSection
	GlobalSection(SolutionProperties) = preSolution
		HideSolutionNode = FALSE
	EndGlobalSection
	GlobalSection(ExtensibilityGlobals) = postSolution
		SolutionGuid = {3CB0ED07-FC82-4D09-B182-211FABDF0010}
	EndGlobalSection
EndGlobal
