<?xml version="1.0" encoding="utf-8"?>
<Project ToolsVersion="4.0" xmlns="http://schemas.microsoft.com/developer/msbuild/2003">
  <ItemGroup>
    <ClCompile Include="Pre.cpp" />
    <ClCompile Include="InputLayout.cpp">
      <Filter>Resource</Filter>
    </ClCompile>
    <ClCompile Include="Device.cpp">
      <Filter>Device</Filter>
    </ClCompile>
    <ClCompile Include="InitMesh.cpp">
      <Filter>Device</Filter>
    </ClCompile>
    <ClCompile Include="D3D11API.cpp">
      <Filter>API</Filter>
    </ClCompile>
    <ClCompile Include="ResManager.cpp">
      <Filter>Manager</Filter>
    </ClCompile>
    <ClCompile Include="InitMaterial.cpp">
      <Filter>Device</Filter>
    </ClCompile>
    <ClCompile Include="DepthStencil.cpp">
      <Filter>Resource\Material</Filter>
    </ClCompile>
    <ClCompile Include="Rasterizer.cpp">
      <Filter>Resource\Material</Filter>
    </ClCompile>
    <ClCompile Include="Sampler.cpp">
      <Filter>Resource\Material</Filter>
    </ClCompile>
    <ClCompile Include="Texture.cpp">
      <Filter>Resource\Material</Filter>
    </ClCompile>
    <ClCompile Include="Material.cpp">
      <Filter>Resource\Material</Filter>
    </ClCompile>
    <ClCompile Include="Mesh.cpp">
      <Filter>Resource\Mesh</Filter>
    </ClCompile>
    <ClCompile Include="ConstantBuffer.cpp">
      <Filter>Resource\Buffer</Filter>
    </ClCompile>
    <ClCompile Include="VertexShader.cpp">
      <Filter>Resource\Shader</Filter>
    </ClCompile>
    <ClCompile Include="VertexBuffer.cpp">
      <Filter>Resource\Buffer</Filter>
    </ClCompile>
    <ClCompile Include="PixelShader.cpp">
      <Filter>Resource\Shader</Filter>
    </ClCompile>
    <ClCompile Include="IndexBuffer.cpp">
      <Filter>Resource\Buffer</Filter>
    </ClCompile>
  </ItemGroup>
  <ItemGroup>
    <ClInclude Include="VertexFormat.h" />
    <ClInclude Include="Pre.h" />
    <ClInclude Include="InputLayout.h">
      <Filter>Resource</Filter>
    </ClInclude>
    <ClInclude Include="Device.h">
      <Filter>Device</Filter>
    </ClInclude>
    <ClInclude Include="D3D11API.h">
      <Filter>API</Filter>
    </ClInclude>
    <ClInclude Include="ResManager.h">
      <Filter>Manager</Filter>
    </ClInclude>
    <ClInclude Include="DepthStencil.h">
      <Filter>Resource\Material</Filter>
    </ClInclude>
    <ClInclude Include="Rasterizer.h">
      <Filter>Resource\Material</Filter>
    </ClInclude>
    <ClInclude Include="Sampler.h">
      <Filter>Resource\Material</Filter>
    </ClInclude>
    <ClInclude Include="Texture.h">
      <Filter>Resource\Material</Filter>
    </ClInclude>
    <ClInclude Include="Material.h">
      <Filter>Resource\Material</Filter>
    </ClInclude>
    <ClInclude Include="Mesh.h">
      <Filter>Resource\Mesh</Filter>
    </ClInclude>
    <ClInclude Include="ConstantBuffer.h">
      <Filter>Resource\Buffer</Filter>
    </ClInclude>
    <ClInclude Include="VertexShader.h">
      <Filter>Resource\Shader</Filter>
    </ClInclude>
    <ClInclude Include="VertexBuffer.h">
      <Filter>Resource\Buffer</Filter>
    </ClInclude>
    <ClInclude Include="PixelShader.h">
      <Filter>Resource\Shader</Filter>
    </ClInclude>
    <ClInclude Include="IndexBuffer.h">
      <Filter>Resource\Buffer</Filter>
    </ClInclude>
  </ItemGroup>
  <ItemGroup>
    <Filter Include="Resource">
      <UniqueIdentifier>{38240379-2514-4830-92dd-5be527de1881}</UniqueIdentifier>
    </Filter>
    <Filter Include="Resource\Mesh">
      <UniqueIdentifier>{8e0cafb9-3d43-4479-bf6a-cf45712cc0ea}</UniqueIdentifier>
    </Filter>
    <Filter Include="Resource\Material">
      <UniqueIdentifier>{322c6bae-58eb-42ad-8510-11a60c477afc}</UniqueIdentifier>
    </Filter>
    <Filter Include="Device">
      <UniqueIdentifier>{5ad2b023-f3fa-4dce-9066-69d1e4615a07}</UniqueIdentifier>
    </Filter>
    <Filter Include="API">
      <UniqueIdentifier>{a7541700-0cd2-40de-b761-56f0c8b82b39}</UniqueIdentifier>
    </Filter>
    <Filter Include="Manager">
      <UniqueIdentifier>{06d95ca2-f71f-4b32-a527-0c9ab33b44ba}</UniqueIdentifier>
    </Filter>
    <Filter Include="Resource\Buffer">
      <UniqueIdentifier>{174917c5-a9fd-444c-8bf8-fe5982f8dcbe}</UniqueIdentifier>
    </Filter>
    <Filter Include="Resource\Shader">
      <UniqueIdentifier>{2d0d0bd4-7678-4faa-a264-aae038c32dc1}</UniqueIdentifier>
    </Filter>
  </ItemGroup>
</Project>