<?xml version="1.0" encoding="utf-8"?>
<Project ToolsVersion="4.0" xmlns="http://schemas.microsoft.com/developer/msbuild/2003">
  <ItemGroup>
    <ClCompile Include="D3D11API.cpp" />
    <ClCompile Include="Pre.cpp" />
    <ClCompile Include="EngineD3DManager.cpp" />
    <ClCompile Include="EngineDevice.cpp" />
    <ClCompile Include="EngineDevice_ResourceInit.cpp" />
    <ClCompile Include="EngineConstantBuffer.cpp">
      <Filter>Resource</Filter>
    </ClCompile>
    <ClCompile Include="EngineDepthStencil.cpp">
      <Filter>Resource</Filter>
    </ClCompile>
    <ClCompile Include="EngineIndexBuffer.cpp">
      <Filter>Resource</Filter>
    </ClCompile>
    <ClCompile Include="EngineInputLayout.cpp">
      <Filter>Resource</Filter>
    </ClCompile>
    <ClCompile Include="EnginePixelShader.cpp">
      <Filter>Resource</Filter>
    </ClCompile>
    <ClCompile Include="EngineRasterizer.cpp">
      <Filter>Resource</Filter>
    </ClCompile>
    <ClCompile Include="EngineSampler.cpp">
      <Filter>Resource</Filter>
    </ClCompile>
    <ClCompile Include="EngineTexture.cpp">
      <Filter>Resource</Filter>
    </ClCompile>
    <ClCompile Include="EngineVertexBuffer.cpp">
      <Filter>Resource</Filter>
    </ClCompile>
    <ClCompile Include="EngineVertexShader.cpp">
      <Filter>Resource</Filter>
    </ClCompile>
    <ClCompile Include="EngineMesh.cpp" />
  </ItemGroup>
  <ItemGroup>
    <ClInclude Include="EngineVertexFormat.h" />
    <ClInclude Include="D3D11API.h" />
    <ClInclude Include="Pre.h" />
    <ClInclude Include="EngineD3DManager.h" />
    <ClInclude Include="EngineDevice.h" />
    <ClInclude Include="EngineConstantBuffer.h">
      <Filter>Resource</Filter>
    </ClInclude>
    <ClInclude Include="EngineDepthStencil.h">
      <Filter>Resource</Filter>
    </ClInclude>
    <ClInclude Include="EngineIndexBuffer.h">
      <Filter>Resource</Filter>
    </ClInclude>
    <ClInclude Include="EngineInputLayout.h">
      <Filter>Resource</Filter>
    </ClInclude>
    <ClInclude Include="EnginePixelShader.h">
      <Filter>Resource</Filter>
    </ClInclude>
    <ClInclude Include="EngineRasterizer.h">
      <Filter>Resource</Filter>
    </ClInclude>
    <ClInclude Include="EngineSampler.h">
      <Filter>Resource</Filter>
    </ClInclude>
    <ClInclude Include="EngineTexture.h">
      <Filter>Resource</Filter>
    </ClInclude>
    <ClInclude Include="EngineVertexBuffer.h">
      <Filter>Resource</Filter>
    </ClInclude>
    <ClInclude Include="EngineVertexShader.h">
      <Filter>Resource</Filter>
    </ClInclude>
    <ClInclude Include="EngineMesh.h" />
  </ItemGroup>
  <ItemGroup>
    <Filter Include="Resource">
      <UniqueIdentifier>{38240379-2514-4830-92dd-5be527de1881}</UniqueIdentifier>
    </Filter>
  </ItemGroup>
</Project>