<?xml version="1.0" encoding="utf-8"?>
<Project ToolsVersion="4.0" xmlns="http://schemas.microsoft.com/developer/msbuild/2003">
  <ItemGroup>
    <ClCompile Include="EngineInput.cpp">
      <Filter>.cpp</Filter>
    </ClCompile>
    <ClCompile Include="interface.cpp">
      <Filter>.cpp</Filter>
    </ClCompile>
    <ClCompile Include="Pre.cpp" />
  </ItemGroup>
  <ItemGroup>
    <ClInclude Include="EngineInput.h">
      <Filter>.h</Filter>
    </ClInclude>
    <ClInclude Include="interface.h">
      <Filter>.h</Filter>
    </ClInclude>
    <ClInclude Include="Pre.h" />
  </ItemGroup>
  <ItemGroup>
    <Filter Include=".cpp">
      <UniqueIdentifier>{a2535ad1-b590-4307-9c14-abb361bc73ea}</UniqueIdentifier>
    </Filter>
    <Filter Include=".h">
      <UniqueIdentifier>{f3612421-c92d-473a-b785-9acf6d90d6a1}</UniqueIdentifier>
    </Filter>
  </ItemGroup>
</Project>