<?xml version="1.0" encoding="utf-8"?>
<Project ToolsVersion="4.0" xmlns="http://schemas.microsoft.com/developer/msbuild/2003">
  <ItemGroup>
    <ClInclude Include="EngineMath.h" />
    <ClInclude Include="Pre.h">
      <Filter>Pre</Filter>
    </ClInclude>
  </ItemGroup>
  <ItemGroup>
    <ClCompile Include="EngineMath.cpp" />
    <ClCompile Include="Pre.cpp">
      <Filter>Pre</Filter>
    </ClCompile>
  </ItemGroup>
  <ItemGroup>
    <Filter Include="Pre">
      <UniqueIdentifier>{967b86bf-ca72-415f-9287-8f4712f323de}</UniqueIdentifier>
    </Filter>
  </ItemGroup>
</Project>